
Microsoft Visual Studio Solution File, Format Version 12.00
# Visual Studio Version 16
VisualStudioVersion = 16.0.30503.244
MinimumVisualStudioVersion = 10.0.40219.1
Project("{8BC9CEB8-8B4A-11D0-8D11-00A0C91BC942}") = "ВВП задание 4.1", "Project2\Project2.vcxproj", "{BD9B9EFD-59B9-4A7C-B72D-06D2B45E5FBE}"
EndProject
Project("{8BC9CEB8-8B4A-11D0-8D11-00A0C91BC942}") = "Project1", "Project1\Project1.vcxproj", "{97378E76-D21A-4D3B-B5BC-B80E00A9F09B}"
EndProject
Project("{8BC9CEB8-8B4A-11D0-8D11-00A0C91BC942}") = "ВВП задание 4.2", "ВВП задание 4.2\ВВП задание 4.2.vcxproj", "{E160CA85-D6F2-45E7-AA10-82997F321AD3}"
EndProject
Project("{8BC9CEB8-8B4A-11D0-8D11-00A0C91BC942}") = "ВВП задание 4.3", "ВВП задание 4.3\ВВП задание 4.3.vcxproj", "{55997E8E-63C2-4CF7-BF3C-2ACC470883DA}"
EndProject
Project("{8BC9CEB8-8B4A-11D0-8D11-00A0C91BC942}") = "ВВП задание 4.4", "ВВП задание 4.4\ВВП задание 4.4.vcxproj", "{D0B9493D-97D7-41A2-91AA-7D8062A12F3D}"
EndProject
Project("{8BC9CEB8-8B4A-11D0-8D11-00A0C91BC942}") = "ВВП задание 4.5", "ВВП задание 4.5\ВВП задание 4.5.vcxproj", "{8B90C60A-627B-484F-B862-4D9DB3C578FF}"
EndProject
Project("{8BC9CEB8-8B4A-11D0-8D11-00A0C91BC942}") = "ВВП задание 5.1", "ВВП задание 5.1\ВВП задание 5.1.vcxproj", "{2C195C11-AD16-4061-9873-8EAC99634393}"
EndProject
Project("{8BC9CEB8-8B4A-11D0-8D11-00A0C91BC942}") = "ВВП задание 5.2", "ВВП задание 5.2\ВВП задание 5.2.vcxproj", "{F28F56AB-D483-4FD9-AA77-74342A786B9D}"
EndProject
Project("{8BC9CEB8-8B4A-11D0-8D11-00A0C91BC942}") = "ВВП задние 5.5", "ВВП задние 5.3\ВВП задние 5.3.vcxproj", "{D097575E-8A3C-4D1E-BC04-B3F8B297C3C1}"
EndProject
Project("{8BC9CEB8-8B4A-11D0-8D11-00A0C91BC942}") = "ВВП задание 5.3", "ВВП задание 5.4\ВВП задание 5.4.vcxproj", "{7C7C1DEF-8A55-470E-BB08-17FEB4EEDA8A}"
EndProject
Project("{8BC9CEB8-8B4A-11D0-8D11-00A0C91BC942}") = "ВВП задание 5.4", "ВВП задание 5.5\ВВП задание 5.5.vcxproj", "{C7D5BF10-E585-4F65-9858-D0AEEF92A65E}"
EndProject
Global
	GlobalSection(SolutionConfigurationPlatforms) = preSolution
		Debug|x64 = Debug|x64
		Debug|x86 = Debug|x86
		Release|x64 = Release|x64
		Release|x86 = Release|x86
	EndGlobalSection
	GlobalSection(ProjectConfigurationPlatforms) = postSolution
		{BD9B9EFD-59B9-4A7C-B72D-06D2B45E5FBE}.Debug|x64.ActiveCfg = Debug|x64
		{BD9B9EFD-59B9-4A7C-B72D-06D2B45E5FBE}.Debug|x64.Build.0 = Debug|x64
		{BD9B9EFD-59B9-4A7C-B72D-06D2B45E5FBE}.Debug|x86.ActiveCfg = Debug|Win32
		{BD9B9EFD-59B9-4A7C-B72D-06D2B45E5FBE}.Debug|x86.Build.0 = Debug|Win32
		{BD9B9EFD-59B9-4A7C-B72D-06D2B45E5FBE}.Release|x64.ActiveCfg = Release|x64
		{BD9B9EFD-59B9-4A7C-B72D-06D2B45E5FBE}.Release|x64.Build.0 = Release|x64
		{BD9B9EFD-59B9-4A7C-B72D-06D2B45E5FBE}.Release|x86.ActiveCfg = Release|Win32
		{BD9B9EFD-59B9-4A7C-B72D-06D2B45E5FBE}.Release|x86.Build.0 = Release|Win32
		{97378E76-D21A-4D3B-B5BC-B80E00A9F09B}.Debug|x64.ActiveCfg = Debug|x64
		{97378E76-D21A-4D3B-B5BC-B80E00A9F09B}.Debug|x64.Build.0 = Debug|x64
		{97378E76-D21A-4D3B-B5BC-B80E00A9F09B}.Debug|x86.ActiveCfg = Debug|Win32
		{97378E76-D21A-4D3B-B5BC-B80E00A9F09B}.Debug|x86.Build.0 = Debug|Win32
		{97378E76-D21A-4D3B-B5BC-B80E00A9F09B}.Release|x64.ActiveCfg = Release|x64
		{97378E76-D21A-4D3B-B5BC-B80E00A9F09B}.Release|x64.Build.0 = Release|x64
		{97378E76-D21A-4D3B-B5BC-B80E00A9F09B}.Release|x86.ActiveCfg = Release|Win32
		{97378E76-D21A-4D3B-B5BC-B80E00A9F09B}.Release|x86.Build.0 = Release|Win32
		{E160CA85-D6F2-45E7-AA10-82997F321AD3}.Debug|x64.ActiveCfg = Debug|x64
		{E160CA85-D6F2-45E7-AA10-82997F321AD3}.Debug|x64.Build.0 = Debug|x64
		{E160CA85-D6F2-45E7-AA10-82997F321AD3}.Debug|x86.ActiveCfg = Debug|Win32
		{E160CA85-D6F2-45E7-AA10-82997F321AD3}.Debug|x86.Build.0 = Debug|Win32
		{E160CA85-D6F2-45E7-AA10-82997F321AD3}.Release|x64.ActiveCfg = Release|x64
		{E160CA85-D6F2-45E7-AA10-82997F321AD3}.Release|x64.Build.0 = Release|x64
		{E160CA85-D6F2-45E7-AA10-82997F321AD3}.Release|x86.ActiveCfg = Release|Win32
		{E160CA85-D6F2-45E7-AA10-82997F321AD3}.Release|x86.Build.0 = Release|Win32
		{55997E8E-63C2-4CF7-BF3C-2ACC470883DA}.Debug|x64.ActiveCfg = Debug|x64
		{55997E8E-63C2-4CF7-BF3C-2ACC470883DA}.Debug|x64.Build.0 = Debug|x64
		{55997E8E-63C2-4CF7-BF3C-2ACC470883DA}.Debug|x86.ActiveCfg = Debug|Win32
		{55997E8E-63C2-4CF7-BF3C-2ACC470883DA}.Debug|x86.Build.0 = Debug|Win32
		{55997E8E-63C2-4CF7-BF3C-2ACC470883DA}.Release|x64.ActiveCfg = Release|x64
		{55997E8E-63C2-4CF7-BF3C-2ACC470883DA}.Release|x64.Build.0 = Release|x64
		{55997E8E-63C2-4CF7-BF3C-2ACC470883DA}.Release|x86.ActiveCfg = Release|Win32
		{55997E8E-63C2-4CF7-BF3C-2ACC470883DA}.Release|x86.Build.0 = Release|Win32
		{D0B9493D-97D7-41A2-91AA-7D8062A12F3D}.Debug|x64.ActiveCfg = Debug|x64
		{D0B9493D-97D7-41A2-91AA-7D8062A12F3D}.Debug|x64.Build.0 = Debug|x64
		{D0B9493D-97D7-41A2-91AA-7D8062A12F3D}.Debug|x86.ActiveCfg = Debug|Win32
		{D0B9493D-97D7-41A2-91AA-7D8062A12F3D}.Debug|x86.Build.0 = Debug|Win32
		{D0B9493D-97D7-41A2-91AA-7D8062A12F3D}.Release|x64.ActiveCfg = Release|x64
		{D0B9493D-97D7-41A2-91AA-7D8062A12F3D}.Release|x64.Build.0 = Release|x64
		{D0B9493D-97D7-41A2-91AA-7D8062A12F3D}.Release|x86.ActiveCfg = Release|Win32
		{D0B9493D-97D7-41A2-91AA-7D8062A12F3D}.Release|x86.Build.0 = Release|Win32
		{8B90C60A-627B-484F-B862-4D9DB3C578FF}.Debug|x64.ActiveCfg = Debug|x64
		{8B90C60A-627B-484F-B862-4D9DB3C578FF}.Debug|x64.Build.0 = Debug|x64
		{8B90C60A-627B-484F-B862-4D9DB3C578FF}.Debug|x86.ActiveCfg = Debug|Win32
		{8B90C60A-627B-484F-B862-4D9DB3C578FF}.Debug|x86.Build.0 = Debug|Win32
		{8B90C60A-627B-484F-B862-4D9DB3C578FF}.Release|x64.ActiveCfg = Release|x64
		{8B90C60A-627B-484F-B862-4D9DB3C578FF}.Release|x64.Build.0 = Release|x64
		{8B90C60A-627B-484F-B862-4D9DB3C578FF}.Release|x86.ActiveCfg = Release|Win32
		{8B90C60A-627B-484F-B862-4D9DB3C578FF}.Release|x86.Build.0 = Release|Win32
		{2C195C11-AD16-4061-9873-8EAC99634393}.Debug|x64.ActiveCfg = Debug|x64
		{2C195C11-AD16-4061-9873-8EAC99634393}.Debug|x64.Build.0 = Debug|x64
		{2C195C11-AD16-4061-9873-8EAC99634393}.Debug|x86.ActiveCfg = Debug|Win32
		{2C195C11-AD16-4061-9873-8EAC99634393}.Debug|x86.Build.0 = Debug|Win32
		{2C195C11-AD16-4061-9873-8EAC99634393}.Release|x64.ActiveCfg = Release|x64
		{2C195C11-AD16-4061-9873-8EAC99634393}.Release|x64.Build.0 = Release|x64
		{2C195C11-AD16-4061-9873-8EAC99634393}.Release|x86.ActiveCfg = Release|Win32
		{2C195C11-AD16-4061-9873-8EAC99634393}.Release|x86.Build.0 = Release|Win32
		{F28F56AB-D483-4FD9-AA77-74342A786B9D}.Debug|x64.ActiveCfg = Debug|x64
		{F28F56AB-D483-4FD9-AA77-74342A786B9D}.Debug|x64.Build.0 = Debug|x64
		{F28F56AB-D483-4FD9-AA77-74342A786B9D}.Debug|x86.ActiveCfg = Debug|Win32
		{F28F56AB-D483-4FD9-AA77-74342A786B9D}.Debug|x86.Build.0 = Debug|Win32
		{F28F56AB-D483-4FD9-AA77-74342A786B9D}.Release|x64.ActiveCfg = Release|x64
		{F28F56AB-D483-4FD9-AA77-74342A786B9D}.Release|x64.Build.0 = Release|x64
		{F28F56AB-D483-4FD9-AA77-74342A786B9D}.Release|x86.ActiveCfg = Release|Win32
		{F28F56AB-D483-4FD9-AA77-74342A786B9D}.Release|x86.Build.0 = Release|Win32
		{D097575E-8A3C-4D1E-BC04-B3F8B297C3C1}.Debug|x64.ActiveCfg = Debug|x64
		{D097575E-8A3C-4D1E-BC04-B3F8B297C3C1}.Debug|x64.Build.0 = Debug|x64
		{D097575E-8A3C-4D1E-BC04-B3F8B297C3C1}.Debug|x86.ActiveCfg = Debug|Win32
		{D097575E-8A3C-4D1E-BC04-B3F8B297C3C1}.Debug|x86.Build.0 = Debug|Win32
		{D097575E-8A3C-4D1E-BC04-B3F8B297C3C1}.Release|x64.ActiveCfg = Release|x64
		{D097575E-8A3C-4D1E-BC04-B3F8B297C3C1}.Release|x64.Build.0 = Release|x64
		{D097575E-8A3C-4D1E-BC04-B3F8B297C3C1}.Release|x86.ActiveCfg = Release|Win32
		{D097575E-8A3C-4D1E-BC04-B3F8B297C3C1}.Release|x86.Build.0 = Release|Win32
		{7C7C1DEF-8A55-470E-BB08-17FEB4EEDA8A}.Debug|x64.ActiveCfg = Debug|x64
		{7C7C1DEF-8A55-470E-BB08-17FEB4EEDA8A}.Debug|x64.Build.0 = Debug|x64
		{7C7C1DEF-8A55-470E-BB08-17FEB4EEDA8A}.Debug|x86.ActiveCfg = Debug|Win32
		{7C7C1DEF-8A55-470E-BB08-17FEB4EEDA8A}.Debug|x86.Build.0 = Debug|Win32
		{7C7C1DEF-8A55-470E-BB08-17FEB4EEDA8A}.Release|x64.ActiveCfg = Release|x64
		{7C7C1DEF-8A55-470E-BB08-17FEB4EEDA8A}.Release|x64.Build.0 = Release|x64
		{7C7C1DEF-8A55-470E-BB08-17FEB4EEDA8A}.Release|x86.ActiveCfg = Release|Win32
		{7C7C1DEF-8A55-470E-BB08-17FEB4EEDA8A}.Release|x86.Build.0 = Release|Win32
		{C7D5BF10-E585-4F65-9858-D0AEEF92A65E}.Debug|x64.ActiveCfg = Debug|x64
		{C7D5BF10-E585-4F65-9858-D0AEEF92A65E}.Debug|x64.Build.0 = Debug|x64
		{C7D5BF10-E585-4F65-9858-D0AEEF92A65E}.Debug|x86.ActiveCfg = Debug|Win32
		{C7D5BF10-E585-4F65-9858-D0AEEF92A65E}.Debug|x86.Build.0 = Debug|Win32
		{C7D5BF10-E585-4F65-9858-D0AEEF92A65E}.Release|x64.ActiveCfg = Release|x64
		{C7D5BF10-E585-4F65-9858-D0AEEF92A65E}.Release|x64.Build.0 = Release|x64
		{C7D5BF10-E585-4F65-9858-D0AEEF92A65E}.Release|x86.ActiveCfg = Release|Win32
		{C7D5BF10-E585-4F65-9858-D0AEEF92A65E}.Release|x86.Build.0 = Release|Win32
	EndGlobalSection
	GlobalSection(SolutionProperties) = preSolution
		HideSolutionNode = FALSE
	EndGlobalSection
	GlobalSection(ExtensibilityGlobals) = postSolution
		SolutionGuid = {2C66935B-C99B-4AF6-B8F7-870B779E84AE}
	EndGlobalSection
EndGlobal
