
Microsoft Visual Studio Solution File, Format Version 12.00
# Visual Studio Version 16
VisualStudioVersion = 16.0.30503.244
MinimumVisualStudioVersion = 10.0.40219.1
Project("{8BC9CEB8-8B4A-11D0-8D11-00A0C91BC942}") = "ВВП задание 4.1", "Project2\Project2.vcxproj", "{BD9B9EFD-59B9-4A7C-B72D-06D2B45E5FBE}"
EndProject
Project("{8BC9CEB8-8B4A-11D0-8D11-00A0C91BC942}") = "2 ОАиП", "Project1\Project1.vcxproj", "{97378E76-D21A-4D3B-B5BC-B80E00A9F09B}"
EndProject
Project("{8BC9CEB8-8B4A-11D0-8D11-00A0C91BC942}") = "ВВП задание 4.2", "ВВП задание 4.2\ВВП задание 4.2.vcxproj", "{E160CA85-D6F2-45E7-AA10-82997F321AD3}"
EndProject
Project("{8BC9CEB8-8B4A-11D0-8D11-00A0C91BC942}") = "ВВП задание 4.3", "ВВП задание 4.3\ВВП задание 4.3.vcxproj", "{55997E8E-63C2-4CF7-BF3C-2ACC470883DA}"
EndProject
Project("{8BC9CEB8-8B4A-11D0-8D11-00A0C91BC942}") = "ВВП задание 4.4", "ВВП задание 4.4\ВВП задание 4.4.vcxproj", "{D0B9493D-97D7-41A2-91AA-7D8062A12F3D}"
EndProject
Project("{8BC9CEB8-8B4A-11D0-8D11-00A0C91BC942}") = "ВВП задание 4.5", "ВВП задание 4.5\ВВП задание 4.5.vcxproj", "{8B90C60A-627B-484F-B862-4D9DB3C578FF}"
EndProject
Project("{8BC9CEB8-8B4A-11D0-8D11-00A0C91BC942}") = "ВВП задание 5.1", "ВВП задание 5.1\ВВП задание 5.1.vcxproj", "{2C195C11-AD16-4061-9873-8EAC99634393}"
EndProject
Project("{8BC9CEB8-8B4A-11D0-8D11-00A0C91BC942}") = "ВВП задание 5.2", "ВВП задание 5.2\ВВП задание 5.2.vcxproj", "{F28F56AB-D483-4FD9-AA77-74342A786B9D}"
EndProject
Project("{8BC9CEB8-8B4A-11D0-8D11-00A0C91BC942}") = "ВВП задание 5.5", "ВВП задние 5.3\ВВП задние 5.3.vcxproj", "{D097575E-8A3C-4D1E-BC04-B3F8B297C3C1}"
EndProject
Project("{8BC9CEB8-8B4A-11D0-8D11-00A0C91BC942}") = "ВВП задание 5.3", "ВВП задание 5.4\ВВП задание 5.4.vcxproj", "{7C7C1DEF-8A55-470E-BB08-17FEB4EEDA8A}"
EndProject
Project("{8BC9CEB8-8B4A-11D0-8D11-00A0C91BC942}") = "ВВП задание 5.4", "ВВП задание 5.5\ВВП задание 5.5.vcxproj", "{C7D5BF10-E585-4F65-9858-D0AEEF92A65E}"
EndProject
Project("{8BC9CEB8-8B4A-11D0-8D11-00A0C91BC942}") = "ВВП задание 6.1", "ВВП задание 6.1\ВВП задание 6.1.vcxproj", "{16B0F1F8-2912-4F59-8BCA-62D0E07BE8D8}"
EndProject
Project("{8BC9CEB8-8B4A-11D0-8D11-00A0C91BC942}") = "ВВП задание 6.2", "ВВП задание 6.2\ВВП задание 6.2.vcxproj", "{37BF2058-2A9A-4BB4-A5D3-78564B2F32BB}"
EndProject
Project("{8BC9CEB8-8B4A-11D0-8D11-00A0C91BC942}") = "ВВП задание 6.3", "ВВР з\ВВР з.vcxproj", "{438F7571-3DAE-49E6-8A4A-DA2E70DB3664}"
EndProject
Project("{8BC9CEB8-8B4A-11D0-8D11-00A0C91BC942}") = "ВВП задание 6.4", "ВВП задание 6.4\ВВП задание 6.4.vcxproj", "{F30C44A8-DCC4-4AA7-8A9C-E124AD55A388}"
EndProject
Project("{8BC9CEB8-8B4A-11D0-8D11-00A0C91BC942}") = "ВВП задание 6.5", "ВВП задание 6.5\ВВП задание 6.5.vcxproj", "{C2402F26-47B9-4653-ACAA-8943C882E685}"
EndProject
Project("{8BC9CEB8-8B4A-11D0-8D11-00A0C91BC942}") = "ВВП задание 6.6", "ВВП задание 6.6\ВВП задание 6.6.vcxproj", "{E780C4AF-4D45-4B32-800B-2E8777FC1F9F}"
EndProject
Project("{8BC9CEB8-8B4A-11D0-8D11-00A0C91BC942}") = "ВВП задание 6.7", "ВВП задание 7\ВВП задание 7.vcxproj", "{925FC00E-63F0-4EF6-9EDF-8B9C15915CE2}"
EndProject
Project("{8BC9CEB8-8B4A-11D0-8D11-00A0C91BC942}") = "1 ОАиП", "ОАиП\ОАиП.vcxproj", "{411B7B40-4165-476C-8884-A273492A7709}"
EndProject
Project("{8BC9CEB8-8B4A-11D0-8D11-00A0C91BC942}") = "ВВП задание 7.1", "ВВП задание 7.1\ВВП задание 7.1.vcxproj", "{B89D2D60-023E-43E2-AFE0-2876114E0E45}"
EndProject
Project("{8BC9CEB8-8B4A-11D0-8D11-00A0C91BC942}") = "ВВП задание 7.2", "ВВП задание 7.2\ВВП задание 7.2.vcxproj", "{BB60C455-EF4D-4A92-8978-5878C0B78986}"
EndProject
Project("{8BC9CEB8-8B4A-11D0-8D11-00A0C91BC942}") = "ВВП задание 7.3", "ВВП задание 7.3\ВВП задание 7.3.vcxproj", "{0E9C7B35-DD94-4904-B6F5-7FF74F60FB2B}"
EndProject
Project("{8BC9CEB8-8B4A-11D0-8D11-00A0C91BC942}") = "ВВП задание 7.4", "ВВП задание 7.4\ВВП задание 7.4.vcxproj", "{FD7FA98B-86E4-4FC1-AEDC-0243E6F61C64}"
EndProject
Project("{8BC9CEB8-8B4A-11D0-8D11-00A0C91BC942}") = "ВВП задание 7.5", "ВВП задание 7.5\ВВП задание 7.5.vcxproj", "{F85D3F32-7DD5-4AC8-87D9-A076044EB25A}"
EndProject
Project("{8BC9CEB8-8B4A-11D0-8D11-00A0C91BC942}") = "ВВП задание 7.6", "ВВП задание 7.6\ВВП задание 7.6.vcxproj", "{6EBF4D2D-934B-4872-A634-206340999962}"
EndProject
Project("{8BC9CEB8-8B4A-11D0-8D11-00A0C91BC942}") = "ВВП задание 8.1", "ВВП задание 8.1\ВВП задание 8.1.vcxproj", "{ED408252-410F-4C03-9A21-EF6ADE4DB6F0}"
EndProject
Project("{8BC9CEB8-8B4A-11D0-8D11-00A0C91BC942}") = "ВВП задание 8.2", "ВВП задание 8.2\ВВП задание 8.2.vcxproj", "{B2665A34-9734-4B76-91A9-97B77BDCCBF1}"
EndProject
Project("{8BC9CEB8-8B4A-11D0-8D11-00A0C91BC942}") = "ВВП задание 8.3", "ВВП задание 8.3\ВВП задание 8.3.vcxproj", "{C61C2C5C-44B3-4334-8D90-DD2C79FA05D8}"
EndProject
Project("{8BC9CEB8-8B4A-11D0-8D11-00A0C91BC942}") = "ВВП задание 8.4", "ВВП задание 8.4\ВВП задание 8.4.vcxproj", "{CAFEC4FC-FF0F-4551-81B0-15075E6E9120}"
EndProject
Project("{8BC9CEB8-8B4A-11D0-8D11-00A0C91BC942}") = "ВВП задание 8.5", "ВВП задание 8.5\ВВП задание 8.5.vcxproj", "{D294FD8F-8D62-4B97-BCD5-1BD87D52F888}"
EndProject
Project("{8BC9CEB8-8B4A-11D0-8D11-00A0C91BC942}") = "ВВП задание 9.1", "ВВП задание 9.1\ВВП задание 9.1.vcxproj", "{EA15C842-8D11-401C-BDF9-A7DFD8E084C7}"
EndProject
Project("{8BC9CEB8-8B4A-11D0-8D11-00A0C91BC942}") = "ВВП задание 9.2", "ВВП задание 9.2\ВВП задание 9.2.vcxproj", "{06D72707-0E80-4C30-BA0B-AA7961CB2542}"
EndProject
Project("{8BC9CEB8-8B4A-11D0-8D11-00A0C91BC942}") = "ВВП задание 9.3", "ВВП задание 9.3\ВВП задание 9.3.vcxproj", "{DE976007-B09E-429D-9FB1-8F2096A14769}"
EndProject
Project("{8BC9CEB8-8B4A-11D0-8D11-00A0C91BC942}") = "ВВП задание 9.4", "ВВП задание 9.4\ВВП задание 9.4.vcxproj", "{B4395419-D82B-4555-BB85-A5F59FB6A924}"
EndProject
Project("{8BC9CEB8-8B4A-11D0-8D11-00A0C91BC942}") = "ВВП задание 9.5", "ВВП задание 9.5\ВВП задание 9.5.vcxproj", "{C4D5A700-11C8-4A79-B4DC-5AA974006FDA}"
EndProject
Project("{8BC9CEB8-8B4A-11D0-8D11-00A0C91BC942}") = "ВВП задание 10.1", "ВВП задание 10.1\ВВП задание 10.1.vcxproj", "{FB9751F6-5D07-40AA-A761-63F368DC93FD}"
EndProject
Project("{8BC9CEB8-8B4A-11D0-8D11-00A0C91BC942}") = "ВВП задание 10.2", "ВВП задание 10.2\ВВП задание 10.2.vcxproj", "{2C27122C-4753-4463-8D92-5884CE457B16}"
EndProject
Project("{8BC9CEB8-8B4A-11D0-8D11-00A0C91BC942}") = "ВВП задание 10.3", "ВВП задание 10.3\ВВП задание 10.3.vcxproj", "{91E35868-867C-4776-B172-80D1EF2D73B8}"
EndProject
Project("{8BC9CEB8-8B4A-11D0-8D11-00A0C91BC942}") = "ВВП задание 10.4", "ВВП задание 10.4\ВВП задание 10.4.vcxproj", "{8108E59B-C32B-4624-B7AF-D169F3B88201}"
EndProject
Project("{8BC9CEB8-8B4A-11D0-8D11-00A0C91BC942}") = "ВВП задание 10.5", "ВВП задание 10.5\ВВП задание 10.5.vcxproj", "{F0D6D805-61B8-4CA2-9AB4-8F0862BB2538}"
EndProject
Project("{8BC9CEB8-8B4A-11D0-8D11-00A0C91BC942}") = "ВВП задание 10.6", "ВВП задание 10.6\ВВП задание 10.6.vcxproj", "{DA2F04DA-778D-4001-8C0E-1AFAED5DE8C1}"
EndProject
Project("{8BC9CEB8-8B4A-11D0-8D11-00A0C91BC942}") = "ВВП задание 10.7", "ВВП задание 10.7\ВВП задание 10.7.vcxproj", "{8626B220-ED4C-4C62-AA00-124EB226B055}"
EndProject
Global
	GlobalSection(SolutionConfigurationPlatforms) = preSolution
		Debug|x64 = Debug|x64
		Debug|x86 = Debug|x86
		Release|x64 = Release|x64
		Release|x86 = Release|x86
	EndGlobalSection
	GlobalSection(ProjectConfigurationPlatforms) = postSolution
		{BD9B9EFD-59B9-4A7C-B72D-06D2B45E5FBE}.Debug|x64.ActiveCfg = Debug|x64
		{BD9B9EFD-59B9-4A7C-B72D-06D2B45E5FBE}.Debug|x64.Build.0 = Debug|x64
		{BD9B9EFD-59B9-4A7C-B72D-06D2B45E5FBE}.Debug|x86.ActiveCfg = Debug|Win32
		{BD9B9EFD-59B9-4A7C-B72D-06D2B45E5FBE}.Debug|x86.Build.0 = Debug|Win32
		{BD9B9EFD-59B9-4A7C-B72D-06D2B45E5FBE}.Release|x64.ActiveCfg = Release|x64
		{BD9B9EFD-59B9-4A7C-B72D-06D2B45E5FBE}.Release|x64.Build.0 = Release|x64
		{BD9B9EFD-59B9-4A7C-B72D-06D2B45E5FBE}.Release|x86.ActiveCfg = Release|Win32
		{BD9B9EFD-59B9-4A7C-B72D-06D2B45E5FBE}.Release|x86.Build.0 = Release|Win32
		{97378E76-D21A-4D3B-B5BC-B80E00A9F09B}.Debug|x64.ActiveCfg = Debug|x64
		{97378E76-D21A-4D3B-B5BC-B80E00A9F09B}.Debug|x64.Build.0 = Debug|x64
		{97378E76-D21A-4D3B-B5BC-B80E00A9F09B}.Debug|x86.ActiveCfg = Debug|Win32
		{97378E76-D21A-4D3B-B5BC-B80E00A9F09B}.Debug|x86.Build.0 = Debug|Win32
		{97378E76-D21A-4D3B-B5BC-B80E00A9F09B}.Release|x64.ActiveCfg = Release|x64
		{97378E76-D21A-4D3B-B5BC-B80E00A9F09B}.Release|x64.Build.0 = Release|x64
		{97378E76-D21A-4D3B-B5BC-B80E00A9F09B}.Release|x86.ActiveCfg = Release|Win32
		{97378E76-D21A-4D3B-B5BC-B80E00A9F09B}.Release|x86.Build.0 = Release|Win32
		{E160CA85-D6F2-45E7-AA10-82997F321AD3}.Debug|x64.ActiveCfg = Debug|x64
		{E160CA85-D6F2-45E7-AA10-82997F321AD3}.Debug|x64.Build.0 = Debug|x64
		{E160CA85-D6F2-45E7-AA10-82997F321AD3}.Debug|x86.ActiveCfg = Debug|Win32
		{E160CA85-D6F2-45E7-AA10-82997F321AD3}.Debug|x86.Build.0 = Debug|Win32
		{E160CA85-D6F2-45E7-AA10-82997F321AD3}.Release|x64.ActiveCfg = Release|x64
		{E160CA85-D6F2-45E7-AA10-82997F321AD3}.Release|x64.Build.0 = Release|x64
		{E160CA85-D6F2-45E7-AA10-82997F321AD3}.Release|x86.ActiveCfg = Release|Win32
		{E160CA85-D6F2-45E7-AA10-82997F321AD3}.Release|x86.Build.0 = Release|Win32
		{55997E8E-63C2-4CF7-BF3C-2ACC470883DA}.Debug|x64.ActiveCfg = Debug|x64
		{55997E8E-63C2-4CF7-BF3C-2ACC470883DA}.Debug|x64.Build.0 = Debug|x64
		{55997E8E-63C2-4CF7-BF3C-2ACC470883DA}.Debug|x86.ActiveCfg = Debug|Win32
		{55997E8E-63C2-4CF7-BF3C-2ACC470883DA}.Debug|x86.Build.0 = Debug|Win32
		{55997E8E-63C2-4CF7-BF3C-2ACC470883DA}.Release|x64.ActiveCfg = Release|x64
		{55997E8E-63C2-4CF7-BF3C-2ACC470883DA}.Release|x64.Build.0 = Release|x64
		{55997E8E-63C2-4CF7-BF3C-2ACC470883DA}.Release|x86.ActiveCfg = Release|Win32
		{55997E8E-63C2-4CF7-BF3C-2ACC470883DA}.Release|x86.Build.0 = Release|Win32
		{D0B9493D-97D7-41A2-91AA-7D8062A12F3D}.Debug|x64.ActiveCfg = Debug|x64
		{D0B9493D-97D7-41A2-91AA-7D8062A12F3D}.Debug|x64.Build.0 = Debug|x64
		{D0B9493D-97D7-41A2-91AA-7D8062A12F3D}.Debug|x86.ActiveCfg = Debug|Win32
		{D0B9493D-97D7-41A2-91AA-7D8062A12F3D}.Debug|x86.Build.0 = Debug|Win32
		{D0B9493D-97D7-41A2-91AA-7D8062A12F3D}.Release|x64.ActiveCfg = Release|x64
		{D0B9493D-97D7-41A2-91AA-7D8062A12F3D}.Release|x64.Build.0 = Release|x64
		{D0B9493D-97D7-41A2-91AA-7D8062A12F3D}.Release|x86.ActiveCfg = Release|Win32
		{D0B9493D-97D7-41A2-91AA-7D8062A12F3D}.Release|x86.Build.0 = Release|Win32
		{8B90C60A-627B-484F-B862-4D9DB3C578FF}.Debug|x64.ActiveCfg = Debug|x64
		{8B90C60A-627B-484F-B862-4D9DB3C578FF}.Debug|x64.Build.0 = Debug|x64
		{8B90C60A-627B-484F-B862-4D9DB3C578FF}.Debug|x86.ActiveCfg = Debug|Win32
		{8B90C60A-627B-484F-B862-4D9DB3C578FF}.Debug|x86.Build.0 = Debug|Win32
		{8B90C60A-627B-484F-B862-4D9DB3C578FF}.Release|x64.ActiveCfg = Release|x64
		{8B90C60A-627B-484F-B862-4D9DB3C578FF}.Release|x64.Build.0 = Release|x64
		{8B90C60A-627B-484F-B862-4D9DB3C578FF}.Release|x86.ActiveCfg = Release|Win32
		{8B90C60A-627B-484F-B862-4D9DB3C578FF}.Release|x86.Build.0 = Release|Win32
		{2C195C11-AD16-4061-9873-8EAC99634393}.Debug|x64.ActiveCfg = Debug|x64
		{2C195C11-AD16-4061-9873-8EAC99634393}.Debug|x64.Build.0 = Debug|x64
		{2C195C11-AD16-4061-9873-8EAC99634393}.Debug|x86.ActiveCfg = Debug|Win32
		{2C195C11-AD16-4061-9873-8EAC99634393}.Debug|x86.Build.0 = Debug|Win32
		{2C195C11-AD16-4061-9873-8EAC99634393}.Release|x64.ActiveCfg = Release|x64
		{2C195C11-AD16-4061-9873-8EAC99634393}.Release|x64.Build.0 = Release|x64
		{2C195C11-AD16-4061-9873-8EAC99634393}.Release|x86.ActiveCfg = Release|Win32
		{2C195C11-AD16-4061-9873-8EAC99634393}.Release|x86.Build.0 = Release|Win32
		{F28F56AB-D483-4FD9-AA77-74342A786B9D}.Debug|x64.ActiveCfg = Debug|x64
		{F28F56AB-D483-4FD9-AA77-74342A786B9D}.Debug|x64.Build.0 = Debug|x64
		{F28F56AB-D483-4FD9-AA77-74342A786B9D}.Debug|x86.ActiveCfg = Debug|Win32
		{F28F56AB-D483-4FD9-AA77-74342A786B9D}.Debug|x86.Build.0 = Debug|Win32
		{F28F56AB-D483-4FD9-AA77-74342A786B9D}.Release|x64.ActiveCfg = Release|x64
		{F28F56AB-D483-4FD9-AA77-74342A786B9D}.Release|x64.Build.0 = Release|x64
		{F28F56AB-D483-4FD9-AA77-74342A786B9D}.Release|x86.ActiveCfg = Release|Win32
		{F28F56AB-D483-4FD9-AA77-74342A786B9D}.Release|x86.Build.0 = Release|Win32
		{D097575E-8A3C-4D1E-BC04-B3F8B297C3C1}.Debug|x64.ActiveCfg = Debug|x64
		{D097575E-8A3C-4D1E-BC04-B3F8B297C3C1}.Debug|x64.Build.0 = Debug|x64
		{D097575E-8A3C-4D1E-BC04-B3F8B297C3C1}.Debug|x86.ActiveCfg = Debug|Win32
		{D097575E-8A3C-4D1E-BC04-B3F8B297C3C1}.Debug|x86.Build.0 = Debug|Win32
		{D097575E-8A3C-4D1E-BC04-B3F8B297C3C1}.Release|x64.ActiveCfg = Release|x64
		{D097575E-8A3C-4D1E-BC04-B3F8B297C3C1}.Release|x64.Build.0 = Release|x64
		{D097575E-8A3C-4D1E-BC04-B3F8B297C3C1}.Release|x86.ActiveCfg = Release|Win32
		{D097575E-8A3C-4D1E-BC04-B3F8B297C3C1}.Release|x86.Build.0 = Release|Win32
		{7C7C1DEF-8A55-470E-BB08-17FEB4EEDA8A}.Debug|x64.ActiveCfg = Debug|x64
		{7C7C1DEF-8A55-470E-BB08-17FEB4EEDA8A}.Debug|x64.Build.0 = Debug|x64
		{7C7C1DEF-8A55-470E-BB08-17FEB4EEDA8A}.Debug|x86.ActiveCfg = Debug|Win32
		{7C7C1DEF-8A55-470E-BB08-17FEB4EEDA8A}.Debug|x86.Build.0 = Debug|Win32
		{7C7C1DEF-8A55-470E-BB08-17FEB4EEDA8A}.Release|x64.ActiveCfg = Release|x64
		{7C7C1DEF-8A55-470E-BB08-17FEB4EEDA8A}.Release|x64.Build.0 = Release|x64
		{7C7C1DEF-8A55-470E-BB08-17FEB4EEDA8A}.Release|x86.ActiveCfg = Release|Win32
		{7C7C1DEF-8A55-470E-BB08-17FEB4EEDA8A}.Release|x86.Build.0 = Release|Win32
		{C7D5BF10-E585-4F65-9858-D0AEEF92A65E}.Debug|x64.ActiveCfg = Debug|x64
		{C7D5BF10-E585-4F65-9858-D0AEEF92A65E}.Debug|x64.Build.0 = Debug|x64
		{C7D5BF10-E585-4F65-9858-D0AEEF92A65E}.Debug|x86.ActiveCfg = Debug|Win32
		{C7D5BF10-E585-4F65-9858-D0AEEF92A65E}.Debug|x86.Build.0 = Debug|Win32
		{C7D5BF10-E585-4F65-9858-D0AEEF92A65E}.Release|x64.ActiveCfg = Release|x64
		{C7D5BF10-E585-4F65-9858-D0AEEF92A65E}.Release|x64.Build.0 = Release|x64
		{C7D5BF10-E585-4F65-9858-D0AEEF92A65E}.Release|x86.ActiveCfg = Release|Win32
		{C7D5BF10-E585-4F65-9858-D0AEEF92A65E}.Release|x86.Build.0 = Release|Win32
		{16B0F1F8-2912-4F59-8BCA-62D0E07BE8D8}.Debug|x64.ActiveCfg = Debug|x64
		{16B0F1F8-2912-4F59-8BCA-62D0E07BE8D8}.Debug|x64.Build.0 = Debug|x64
		{16B0F1F8-2912-4F59-8BCA-62D0E07BE8D8}.Debug|x86.ActiveCfg = Debug|Win32
		{16B0F1F8-2912-4F59-8BCA-62D0E07BE8D8}.Debug|x86.Build.0 = Debug|Win32
		{16B0F1F8-2912-4F59-8BCA-62D0E07BE8D8}.Release|x64.ActiveCfg = Release|x64
		{16B0F1F8-2912-4F59-8BCA-62D0E07BE8D8}.Release|x64.Build.0 = Release|x64
		{16B0F1F8-2912-4F59-8BCA-62D0E07BE8D8}.Release|x86.ActiveCfg = Release|Win32
		{16B0F1F8-2912-4F59-8BCA-62D0E07BE8D8}.Release|x86.Build.0 = Release|Win32
		{37BF2058-2A9A-4BB4-A5D3-78564B2F32BB}.Debug|x64.ActiveCfg = Debug|x64
		{37BF2058-2A9A-4BB4-A5D3-78564B2F32BB}.Debug|x64.Build.0 = Debug|x64
		{37BF2058-2A9A-4BB4-A5D3-78564B2F32BB}.Debug|x86.ActiveCfg = Debug|Win32
		{37BF2058-2A9A-4BB4-A5D3-78564B2F32BB}.Debug|x86.Build.0 = Debug|Win32
		{37BF2058-2A9A-4BB4-A5D3-78564B2F32BB}.Release|x64.ActiveCfg = Release|x64
		{37BF2058-2A9A-4BB4-A5D3-78564B2F32BB}.Release|x64.Build.0 = Release|x64
		{37BF2058-2A9A-4BB4-A5D3-78564B2F32BB}.Release|x86.ActiveCfg = Release|Win32
		{37BF2058-2A9A-4BB4-A5D3-78564B2F32BB}.Release|x86.Build.0 = Release|Win32
		{438F7571-3DAE-49E6-8A4A-DA2E70DB3664}.Debug|x64.ActiveCfg = Debug|x64
		{438F7571-3DAE-49E6-8A4A-DA2E70DB3664}.Debug|x64.Build.0 = Debug|x64
		{438F7571-3DAE-49E6-8A4A-DA2E70DB3664}.Debug|x86.ActiveCfg = Debug|Win32
		{438F7571-3DAE-49E6-8A4A-DA2E70DB3664}.Debug|x86.Build.0 = Debug|Win32
		{438F7571-3DAE-49E6-8A4A-DA2E70DB3664}.Release|x64.ActiveCfg = Release|x64
		{438F7571-3DAE-49E6-8A4A-DA2E70DB3664}.Release|x64.Build.0 = Release|x64
		{438F7571-3DAE-49E6-8A4A-DA2E70DB3664}.Release|x86.ActiveCfg = Release|Win32
		{438F7571-3DAE-49E6-8A4A-DA2E70DB3664}.Release|x86.Build.0 = Release|Win32
		{F30C44A8-DCC4-4AA7-8A9C-E124AD55A388}.Debug|x64.ActiveCfg = Debug|x64
		{F30C44A8-DCC4-4AA7-8A9C-E124AD55A388}.Debug|x64.Build.0 = Debug|x64
		{F30C44A8-DCC4-4AA7-8A9C-E124AD55A388}.Debug|x86.ActiveCfg = Debug|Win32
		{F30C44A8-DCC4-4AA7-8A9C-E124AD55A388}.Debug|x86.Build.0 = Debug|Win32
		{F30C44A8-DCC4-4AA7-8A9C-E124AD55A388}.Release|x64.ActiveCfg = Release|x64
		{F30C44A8-DCC4-4AA7-8A9C-E124AD55A388}.Release|x64.Build.0 = Release|x64
		{F30C44A8-DCC4-4AA7-8A9C-E124AD55A388}.Release|x86.ActiveCfg = Release|Win32
		{F30C44A8-DCC4-4AA7-8A9C-E124AD55A388}.Release|x86.Build.0 = Release|Win32
		{C2402F26-47B9-4653-ACAA-8943C882E685}.Debug|x64.ActiveCfg = Debug|x64
		{C2402F26-47B9-4653-ACAA-8943C882E685}.Debug|x64.Build.0 = Debug|x64
		{C2402F26-47B9-4653-ACAA-8943C882E685}.Debug|x86.ActiveCfg = Debug|Win32
		{C2402F26-47B9-4653-ACAA-8943C882E685}.Debug|x86.Build.0 = Debug|Win32
		{C2402F26-47B9-4653-ACAA-8943C882E685}.Release|x64.ActiveCfg = Release|x64
		{C2402F26-47B9-4653-ACAA-8943C882E685}.Release|x64.Build.0 = Release|x64
		{C2402F26-47B9-4653-ACAA-8943C882E685}.Release|x86.ActiveCfg = Release|Win32
		{C2402F26-47B9-4653-ACAA-8943C882E685}.Release|x86.Build.0 = Release|Win32
		{E780C4AF-4D45-4B32-800B-2E8777FC1F9F}.Debug|x64.ActiveCfg = Debug|x64
		{E780C4AF-4D45-4B32-800B-2E8777FC1F9F}.Debug|x64.Build.0 = Debug|x64
		{E780C4AF-4D45-4B32-800B-2E8777FC1F9F}.Debug|x86.ActiveCfg = Debug|Win32
		{E780C4AF-4D45-4B32-800B-2E8777FC1F9F}.Debug|x86.Build.0 = Debug|Win32
		{E780C4AF-4D45-4B32-800B-2E8777FC1F9F}.Release|x64.ActiveCfg = Release|x64
		{E780C4AF-4D45-4B32-800B-2E8777FC1F9F}.Release|x64.Build.0 = Release|x64
		{E780C4AF-4D45-4B32-800B-2E8777FC1F9F}.Release|x86.ActiveCfg = Release|Win32
		{E780C4AF-4D45-4B32-800B-2E8777FC1F9F}.Release|x86.Build.0 = Release|Win32
		{925FC00E-63F0-4EF6-9EDF-8B9C15915CE2}.Debug|x64.ActiveCfg = Debug|x64
		{925FC00E-63F0-4EF6-9EDF-8B9C15915CE2}.Debug|x64.Build.0 = Debug|x64
		{925FC00E-63F0-4EF6-9EDF-8B9C15915CE2}.Debug|x86.ActiveCfg = Debug|Win32
		{925FC00E-63F0-4EF6-9EDF-8B9C15915CE2}.Debug|x86.Build.0 = Debug|Win32
		{925FC00E-63F0-4EF6-9EDF-8B9C15915CE2}.Release|x64.ActiveCfg = Release|x64
		{925FC00E-63F0-4EF6-9EDF-8B9C15915CE2}.Release|x64.Build.0 = Release|x64
		{925FC00E-63F0-4EF6-9EDF-8B9C15915CE2}.Release|x86.ActiveCfg = Release|Win32
		{925FC00E-63F0-4EF6-9EDF-8B9C15915CE2}.Release|x86.Build.0 = Release|Win32
		{411B7B40-4165-476C-8884-A273492A7709}.Debug|x64.ActiveCfg = Debug|x64
		{411B7B40-4165-476C-8884-A273492A7709}.Debug|x64.Build.0 = Debug|x64
		{411B7B40-4165-476C-8884-A273492A7709}.Debug|x86.ActiveCfg = Debug|Win32
		{411B7B40-4165-476C-8884-A273492A7709}.Debug|x86.Build.0 = Debug|Win32
		{411B7B40-4165-476C-8884-A273492A7709}.Release|x64.ActiveCfg = Release|x64
		{411B7B40-4165-476C-8884-A273492A7709}.Release|x64.Build.0 = Release|x64
		{411B7B40-4165-476C-8884-A273492A7709}.Release|x86.ActiveCfg = Release|Win32
		{411B7B40-4165-476C-8884-A273492A7709}.Release|x86.Build.0 = Release|Win32
		{B89D2D60-023E-43E2-AFE0-2876114E0E45}.Debug|x64.ActiveCfg = Debug|x64
		{B89D2D60-023E-43E2-AFE0-2876114E0E45}.Debug|x64.Build.0 = Debug|x64
		{B89D2D60-023E-43E2-AFE0-2876114E0E45}.Debug|x86.ActiveCfg = Debug|Win32
		{B89D2D60-023E-43E2-AFE0-2876114E0E45}.Debug|x86.Build.0 = Debug|Win32
		{B89D2D60-023E-43E2-AFE0-2876114E0E45}.Release|x64.ActiveCfg = Release|x64
		{B89D2D60-023E-43E2-AFE0-2876114E0E45}.Release|x64.Build.0 = Release|x64
		{B89D2D60-023E-43E2-AFE0-2876114E0E45}.Release|x86.ActiveCfg = Release|Win32
		{B89D2D60-023E-43E2-AFE0-2876114E0E45}.Release|x86.Build.0 = Release|Win32
		{BB60C455-EF4D-4A92-8978-5878C0B78986}.Debug|x64.ActiveCfg = Debug|x64
		{BB60C455-EF4D-4A92-8978-5878C0B78986}.Debug|x64.Build.0 = Debug|x64
		{BB60C455-EF4D-4A92-8978-5878C0B78986}.Debug|x86.ActiveCfg = Debug|Win32
		{BB60C455-EF4D-4A92-8978-5878C0B78986}.Debug|x86.Build.0 = Debug|Win32
		{BB60C455-EF4D-4A92-8978-5878C0B78986}.Release|x64.ActiveCfg = Release|x64
		{BB60C455-EF4D-4A92-8978-5878C0B78986}.Release|x64.Build.0 = Release|x64
		{BB60C455-EF4D-4A92-8978-5878C0B78986}.Release|x86.ActiveCfg = Release|Win32
		{BB60C455-EF4D-4A92-8978-5878C0B78986}.Release|x86.Build.0 = Release|Win32
		{0E9C7B35-DD94-4904-B6F5-7FF74F60FB2B}.Debug|x64.ActiveCfg = Debug|x64
		{0E9C7B35-DD94-4904-B6F5-7FF74F60FB2B}.Debug|x64.Build.0 = Debug|x64
		{0E9C7B35-DD94-4904-B6F5-7FF74F60FB2B}.Debug|x86.ActiveCfg = Debug|Win32
		{0E9C7B35-DD94-4904-B6F5-7FF74F60FB2B}.Debug|x86.Build.0 = Debug|Win32
		{0E9C7B35-DD94-4904-B6F5-7FF74F60FB2B}.Release|x64.ActiveCfg = Release|x64
		{0E9C7B35-DD94-4904-B6F5-7FF74F60FB2B}.Release|x64.Build.0 = Release|x64
		{0E9C7B35-DD94-4904-B6F5-7FF74F60FB2B}.Release|x86.ActiveCfg = Release|Win32
		{0E9C7B35-DD94-4904-B6F5-7FF74F60FB2B}.Release|x86.Build.0 = Release|Win32
		{FD7FA98B-86E4-4FC1-AEDC-0243E6F61C64}.Debug|x64.ActiveCfg = Debug|x64
		{FD7FA98B-86E4-4FC1-AEDC-0243E6F61C64}.Debug|x64.Build.0 = Debug|x64
		{FD7FA98B-86E4-4FC1-AEDC-0243E6F61C64}.Debug|x86.ActiveCfg = Debug|Win32
		{FD7FA98B-86E4-4FC1-AEDC-0243E6F61C64}.Debug|x86.Build.0 = Debug|Win32
		{FD7FA98B-86E4-4FC1-AEDC-0243E6F61C64}.Release|x64.ActiveCfg = Release|x64
		{FD7FA98B-86E4-4FC1-AEDC-0243E6F61C64}.Release|x64.Build.0 = Release|x64
		{FD7FA98B-86E4-4FC1-AEDC-0243E6F61C64}.Release|x86.ActiveCfg = Release|Win32
		{FD7FA98B-86E4-4FC1-AEDC-0243E6F61C64}.Release|x86.Build.0 = Release|Win32
		{F85D3F32-7DD5-4AC8-87D9-A076044EB25A}.Debug|x64.ActiveCfg = Debug|x64
		{F85D3F32-7DD5-4AC8-87D9-A076044EB25A}.Debug|x64.Build.0 = Debug|x64
		{F85D3F32-7DD5-4AC8-87D9-A076044EB25A}.Debug|x86.ActiveCfg = Debug|Win32
		{F85D3F32-7DD5-4AC8-87D9-A076044EB25A}.Debug|x86.Build.0 = Debug|Win32
		{F85D3F32-7DD5-4AC8-87D9-A076044EB25A}.Release|x64.ActiveCfg = Release|x64
		{F85D3F32-7DD5-4AC8-87D9-A076044EB25A}.Release|x64.Build.0 = Release|x64
		{F85D3F32-7DD5-4AC8-87D9-A076044EB25A}.Release|x86.ActiveCfg = Release|Win32
		{F85D3F32-7DD5-4AC8-87D9-A076044EB25A}.Release|x86.Build.0 = Release|Win32
		{6EBF4D2D-934B-4872-A634-206340999962}.Debug|x64.ActiveCfg = Debug|x64
		{6EBF4D2D-934B-4872-A634-206340999962}.Debug|x64.Build.0 = Debug|x64
		{6EBF4D2D-934B-4872-A634-206340999962}.Debug|x86.ActiveCfg = Debug|Win32
		{6EBF4D2D-934B-4872-A634-206340999962}.Debug|x86.Build.0 = Debug|Win32
		{6EBF4D2D-934B-4872-A634-206340999962}.Release|x64.ActiveCfg = Release|x64
		{6EBF4D2D-934B-4872-A634-206340999962}.Release|x64.Build.0 = Release|x64
		{6EBF4D2D-934B-4872-A634-206340999962}.Release|x86.ActiveCfg = Release|Win32
		{6EBF4D2D-934B-4872-A634-206340999962}.Release|x86.Build.0 = Release|Win32
		{ED408252-410F-4C03-9A21-EF6ADE4DB6F0}.Debug|x64.ActiveCfg = Debug|x64
		{ED408252-410F-4C03-9A21-EF6ADE4DB6F0}.Debug|x64.Build.0 = Debug|x64
		{ED408252-410F-4C03-9A21-EF6ADE4DB6F0}.Debug|x86.ActiveCfg = Debug|Win32
		{ED408252-410F-4C03-9A21-EF6ADE4DB6F0}.Debug|x86.Build.0 = Debug|Win32
		{ED408252-410F-4C03-9A21-EF6ADE4DB6F0}.Release|x64.ActiveCfg = Release|x64
		{ED408252-410F-4C03-9A21-EF6ADE4DB6F0}.Release|x64.Build.0 = Release|x64
		{ED408252-410F-4C03-9A21-EF6ADE4DB6F0}.Release|x86.ActiveCfg = Release|Win32
		{ED408252-410F-4C03-9A21-EF6ADE4DB6F0}.Release|x86.Build.0 = Release|Win32
		{B2665A34-9734-4B76-91A9-97B77BDCCBF1}.Debug|x64.ActiveCfg = Debug|x64
		{B2665A34-9734-4B76-91A9-97B77BDCCBF1}.Debug|x64.Build.0 = Debug|x64
		{B2665A34-9734-4B76-91A9-97B77BDCCBF1}.Debug|x86.ActiveCfg = Debug|Win32
		{B2665A34-9734-4B76-91A9-97B77BDCCBF1}.Debug|x86.Build.0 = Debug|Win32
		{B2665A34-9734-4B76-91A9-97B77BDCCBF1}.Release|x64.ActiveCfg = Release|x64
		{B2665A34-9734-4B76-91A9-97B77BDCCBF1}.Release|x64.Build.0 = Release|x64
		{B2665A34-9734-4B76-91A9-97B77BDCCBF1}.Release|x86.ActiveCfg = Release|Win32
		{B2665A34-9734-4B76-91A9-97B77BDCCBF1}.Release|x86.Build.0 = Release|Win32
		{C61C2C5C-44B3-4334-8D90-DD2C79FA05D8}.Debug|x64.ActiveCfg = Debug|x64
		{C61C2C5C-44B3-4334-8D90-DD2C79FA05D8}.Debug|x64.Build.0 = Debug|x64
		{C61C2C5C-44B3-4334-8D90-DD2C79FA05D8}.Debug|x86.ActiveCfg = Debug|Win32
		{C61C2C5C-44B3-4334-8D90-DD2C79FA05D8}.Debug|x86.Build.0 = Debug|Win32
		{C61C2C5C-44B3-4334-8D90-DD2C79FA05D8}.Release|x64.ActiveCfg = Release|x64
		{C61C2C5C-44B3-4334-8D90-DD2C79FA05D8}.Release|x64.Build.0 = Release|x64
		{C61C2C5C-44B3-4334-8D90-DD2C79FA05D8}.Release|x86.ActiveCfg = Release|Win32
		{C61C2C5C-44B3-4334-8D90-DD2C79FA05D8}.Release|x86.Build.0 = Release|Win32
		{CAFEC4FC-FF0F-4551-81B0-15075E6E9120}.Debug|x64.ActiveCfg = Debug|x64
		{CAFEC4FC-FF0F-4551-81B0-15075E6E9120}.Debug|x64.Build.0 = Debug|x64
		{CAFEC4FC-FF0F-4551-81B0-15075E6E9120}.Debug|x86.ActiveCfg = Debug|Win32
		{CAFEC4FC-FF0F-4551-81B0-15075E6E9120}.Debug|x86.Build.0 = Debug|Win32
		{CAFEC4FC-FF0F-4551-81B0-15075E6E9120}.Release|x64.ActiveCfg = Release|x64
		{CAFEC4FC-FF0F-4551-81B0-15075E6E9120}.Release|x64.Build.0 = Release|x64
		{CAFEC4FC-FF0F-4551-81B0-15075E6E9120}.Release|x86.ActiveCfg = Release|Win32
		{CAFEC4FC-FF0F-4551-81B0-15075E6E9120}.Release|x86.Build.0 = Release|Win32
		{D294FD8F-8D62-4B97-BCD5-1BD87D52F888}.Debug|x64.ActiveCfg = Debug|x64
		{D294FD8F-8D62-4B97-BCD5-1BD87D52F888}.Debug|x64.Build.0 = Debug|x64
		{D294FD8F-8D62-4B97-BCD5-1BD87D52F888}.Debug|x86.ActiveCfg = Debug|Win32
		{D294FD8F-8D62-4B97-BCD5-1BD87D52F888}.Debug|x86.Build.0 = Debug|Win32
		{D294FD8F-8D62-4B97-BCD5-1BD87D52F888}.Release|x64.ActiveCfg = Release|x64
		{D294FD8F-8D62-4B97-BCD5-1BD87D52F888}.Release|x64.Build.0 = Release|x64
		{D294FD8F-8D62-4B97-BCD5-1BD87D52F888}.Release|x86.ActiveCfg = Release|Win32
		{D294FD8F-8D62-4B97-BCD5-1BD87D52F888}.Release|x86.Build.0 = Release|Win32
		{EA15C842-8D11-401C-BDF9-A7DFD8E084C7}.Debug|x64.ActiveCfg = Debug|x64
		{EA15C842-8D11-401C-BDF9-A7DFD8E084C7}.Debug|x64.Build.0 = Debug|x64
		{EA15C842-8D11-401C-BDF9-A7DFD8E084C7}.Debug|x86.ActiveCfg = Debug|Win32
		{EA15C842-8D11-401C-BDF9-A7DFD8E084C7}.Debug|x86.Build.0 = Debug|Win32
		{EA15C842-8D11-401C-BDF9-A7DFD8E084C7}.Release|x64.ActiveCfg = Release|x64
		{EA15C842-8D11-401C-BDF9-A7DFD8E084C7}.Release|x64.Build.0 = Release|x64
		{EA15C842-8D11-401C-BDF9-A7DFD8E084C7}.Release|x86.ActiveCfg = Release|Win32
		{EA15C842-8D11-401C-BDF9-A7DFD8E084C7}.Release|x86.Build.0 = Release|Win32
		{06D72707-0E80-4C30-BA0B-AA7961CB2542}.Debug|x64.ActiveCfg = Debug|x64
		{06D72707-0E80-4C30-BA0B-AA7961CB2542}.Debug|x64.Build.0 = Debug|x64
		{06D72707-0E80-4C30-BA0B-AA7961CB2542}.Debug|x86.ActiveCfg = Debug|Win32
		{06D72707-0E80-4C30-BA0B-AA7961CB2542}.Debug|x86.Build.0 = Debug|Win32
		{06D72707-0E80-4C30-BA0B-AA7961CB2542}.Release|x64.ActiveCfg = Release|x64
		{06D72707-0E80-4C30-BA0B-AA7961CB2542}.Release|x64.Build.0 = Release|x64
		{06D72707-0E80-4C30-BA0B-AA7961CB2542}.Release|x86.ActiveCfg = Release|Win32
		{06D72707-0E80-4C30-BA0B-AA7961CB2542}.Release|x86.Build.0 = Release|Win32
		{DE976007-B09E-429D-9FB1-8F2096A14769}.Debug|x64.ActiveCfg = Debug|x64
		{DE976007-B09E-429D-9FB1-8F2096A14769}.Debug|x64.Build.0 = Debug|x64
		{DE976007-B09E-429D-9FB1-8F2096A14769}.Debug|x86.ActiveCfg = Debug|Win32
		{DE976007-B09E-429D-9FB1-8F2096A14769}.Debug|x86.Build.0 = Debug|Win32
		{DE976007-B09E-429D-9FB1-8F2096A14769}.Release|x64.ActiveCfg = Release|x64
		{DE976007-B09E-429D-9FB1-8F2096A14769}.Release|x64.Build.0 = Release|x64
		{DE976007-B09E-429D-9FB1-8F2096A14769}.Release|x86.ActiveCfg = Release|Win32
		{DE976007-B09E-429D-9FB1-8F2096A14769}.Release|x86.Build.0 = Release|Win32
		{B4395419-D82B-4555-BB85-A5F59FB6A924}.Debug|x64.ActiveCfg = Debug|x64
		{B4395419-D82B-4555-BB85-A5F59FB6A924}.Debug|x64.Build.0 = Debug|x64
		{B4395419-D82B-4555-BB85-A5F59FB6A924}.Debug|x86.ActiveCfg = Debug|Win32
		{B4395419-D82B-4555-BB85-A5F59FB6A924}.Debug|x86.Build.0 = Debug|Win32
		{B4395419-D82B-4555-BB85-A5F59FB6A924}.Release|x64.ActiveCfg = Release|x64
		{B4395419-D82B-4555-BB85-A5F59FB6A924}.Release|x64.Build.0 = Release|x64
		{B4395419-D82B-4555-BB85-A5F59FB6A924}.Release|x86.ActiveCfg = Release|Win32
		{B4395419-D82B-4555-BB85-A5F59FB6A924}.Release|x86.Build.0 = Release|Win32
		{C4D5A700-11C8-4A79-B4DC-5AA974006FDA}.Debug|x64.ActiveCfg = Debug|x64
		{C4D5A700-11C8-4A79-B4DC-5AA974006FDA}.Debug|x64.Build.0 = Debug|x64
		{C4D5A700-11C8-4A79-B4DC-5AA974006FDA}.Debug|x86.ActiveCfg = Debug|Win32
		{C4D5A700-11C8-4A79-B4DC-5AA974006FDA}.Debug|x86.Build.0 = Debug|Win32
		{C4D5A700-11C8-4A79-B4DC-5AA974006FDA}.Release|x64.ActiveCfg = Release|x64
		{C4D5A700-11C8-4A79-B4DC-5AA974006FDA}.Release|x64.Build.0 = Release|x64
		{C4D5A700-11C8-4A79-B4DC-5AA974006FDA}.Release|x86.ActiveCfg = Release|Win32
		{C4D5A700-11C8-4A79-B4DC-5AA974006FDA}.Release|x86.Build.0 = Release|Win32
		{FB9751F6-5D07-40AA-A761-63F368DC93FD}.Debug|x64.ActiveCfg = Debug|x64
		{FB9751F6-5D07-40AA-A761-63F368DC93FD}.Debug|x64.Build.0 = Debug|x64
		{FB9751F6-5D07-40AA-A761-63F368DC93FD}.Debug|x86.ActiveCfg = Debug|Win32
		{FB9751F6-5D07-40AA-A761-63F368DC93FD}.Debug|x86.Build.0 = Debug|Win32
		{FB9751F6-5D07-40AA-A761-63F368DC93FD}.Release|x64.ActiveCfg = Release|x64
		{FB9751F6-5D07-40AA-A761-63F368DC93FD}.Release|x64.Build.0 = Release|x64
		{FB9751F6-5D07-40AA-A761-63F368DC93FD}.Release|x86.ActiveCfg = Release|Win32
		{FB9751F6-5D07-40AA-A761-63F368DC93FD}.Release|x86.Build.0 = Release|Win32
		{2C27122C-4753-4463-8D92-5884CE457B16}.Debug|x64.ActiveCfg = Debug|x64
		{2C27122C-4753-4463-8D92-5884CE457B16}.Debug|x64.Build.0 = Debug|x64
		{2C27122C-4753-4463-8D92-5884CE457B16}.Debug|x86.ActiveCfg = Debug|Win32
		{2C27122C-4753-4463-8D92-5884CE457B16}.Debug|x86.Build.0 = Debug|Win32
		{2C27122C-4753-4463-8D92-5884CE457B16}.Release|x64.ActiveCfg = Release|x64
		{2C27122C-4753-4463-8D92-5884CE457B16}.Release|x64.Build.0 = Release|x64
		{2C27122C-4753-4463-8D92-5884CE457B16}.Release|x86.ActiveCfg = Release|Win32
		{2C27122C-4753-4463-8D92-5884CE457B16}.Release|x86.Build.0 = Release|Win32
		{91E35868-867C-4776-B172-80D1EF2D73B8}.Debug|x64.ActiveCfg = Debug|x64
		{91E35868-867C-4776-B172-80D1EF2D73B8}.Debug|x64.Build.0 = Debug|x64
		{91E35868-867C-4776-B172-80D1EF2D73B8}.Debug|x86.ActiveCfg = Debug|Win32
		{91E35868-867C-4776-B172-80D1EF2D73B8}.Debug|x86.Build.0 = Debug|Win32
		{91E35868-867C-4776-B172-80D1EF2D73B8}.Release|x64.ActiveCfg = Release|x64
		{91E35868-867C-4776-B172-80D1EF2D73B8}.Release|x64.Build.0 = Release|x64
		{91E35868-867C-4776-B172-80D1EF2D73B8}.Release|x86.ActiveCfg = Release|Win32
		{91E35868-867C-4776-B172-80D1EF2D73B8}.Release|x86.Build.0 = Release|Win32
		{8108E59B-C32B-4624-B7AF-D169F3B88201}.Debug|x64.ActiveCfg = Debug|x64
		{8108E59B-C32B-4624-B7AF-D169F3B88201}.Debug|x64.Build.0 = Debug|x64
		{8108E59B-C32B-4624-B7AF-D169F3B88201}.Debug|x86.ActiveCfg = Debug|Win32
		{8108E59B-C32B-4624-B7AF-D169F3B88201}.Debug|x86.Build.0 = Debug|Win32
		{8108E59B-C32B-4624-B7AF-D169F3B88201}.Release|x64.ActiveCfg = Release|x64
		{8108E59B-C32B-4624-B7AF-D169F3B88201}.Release|x64.Build.0 = Release|x64
		{8108E59B-C32B-4624-B7AF-D169F3B88201}.Release|x86.ActiveCfg = Release|Win32
		{8108E59B-C32B-4624-B7AF-D169F3B88201}.Release|x86.Build.0 = Release|Win32
		{F0D6D805-61B8-4CA2-9AB4-8F0862BB2538}.Debug|x64.ActiveCfg = Debug|x64
		{F0D6D805-61B8-4CA2-9AB4-8F0862BB2538}.Debug|x64.Build.0 = Debug|x64
		{F0D6D805-61B8-4CA2-9AB4-8F0862BB2538}.Debug|x86.ActiveCfg = Debug|Win32
		{F0D6D805-61B8-4CA2-9AB4-8F0862BB2538}.Debug|x86.Build.0 = Debug|Win32
		{F0D6D805-61B8-4CA2-9AB4-8F0862BB2538}.Release|x64.ActiveCfg = Release|x64
		{F0D6D805-61B8-4CA2-9AB4-8F0862BB2538}.Release|x64.Build.0 = Release|x64
		{F0D6D805-61B8-4CA2-9AB4-8F0862BB2538}.Release|x86.ActiveCfg = Release|Win32
		{F0D6D805-61B8-4CA2-9AB4-8F0862BB2538}.Release|x86.Build.0 = Release|Win32
		{DA2F04DA-778D-4001-8C0E-1AFAED5DE8C1}.Debug|x64.ActiveCfg = Debug|x64
		{DA2F04DA-778D-4001-8C0E-1AFAED5DE8C1}.Debug|x64.Build.0 = Debug|x64
		{DA2F04DA-778D-4001-8C0E-1AFAED5DE8C1}.Debug|x86.ActiveCfg = Debug|Win32
		{DA2F04DA-778D-4001-8C0E-1AFAED5DE8C1}.Debug|x86.Build.0 = Debug|Win32
		{DA2F04DA-778D-4001-8C0E-1AFAED5DE8C1}.Release|x64.ActiveCfg = Release|x64
		{DA2F04DA-778D-4001-8C0E-1AFAED5DE8C1}.Release|x64.Build.0 = Release|x64
		{DA2F04DA-778D-4001-8C0E-1AFAED5DE8C1}.Release|x86.ActiveCfg = Release|Win32
		{DA2F04DA-778D-4001-8C0E-1AFAED5DE8C1}.Release|x86.Build.0 = Release|Win32
		{8626B220-ED4C-4C62-AA00-124EB226B055}.Debug|x64.ActiveCfg = Debug|x64
		{8626B220-ED4C-4C62-AA00-124EB226B055}.Debug|x64.Build.0 = Debug|x64
		{8626B220-ED4C-4C62-AA00-124EB226B055}.Debug|x86.ActiveCfg = Debug|Win32
		{8626B220-ED4C-4C62-AA00-124EB226B055}.Debug|x86.Build.0 = Debug|Win32
		{8626B220-ED4C-4C62-AA00-124EB226B055}.Release|x64.ActiveCfg = Release|x64
		{8626B220-ED4C-4C62-AA00-124EB226B055}.Release|x64.Build.0 = Release|x64
		{8626B220-ED4C-4C62-AA00-124EB226B055}.Release|x86.ActiveCfg = Release|Win32
		{8626B220-ED4C-4C62-AA00-124EB226B055}.Release|x86.Build.0 = Release|Win32
	EndGlobalSection
	GlobalSection(SolutionProperties) = preSolution
		HideSolutionNode = FALSE
	EndGlobalSection
	GlobalSection(ExtensibilityGlobals) = postSolution
		SolutionGuid = {2C66935B-C99B-4AF6-B8F7-870B779E84AE}
	EndGlobalSection
EndGlobal
